# This file was autogenerated by Stack.
# You should not edit this file by hand.
# For more information, please see the documentation at:
#   https://docs.haskellstack.org/en/stable/lock_files

packages:
- completed:
    hackage: clash-prelude-1.8.1@sha256:066c641321e0c3036edbfef801c8d31aee52566e28674a15b7cbe3c2192c6f06,18134
    pantry-tree:
      sha256: d426fbb09930f89cc0b547ba31aad8ebf49d9e57e469e8f80b0dafeeebb7274d
      size: 13511
  original:
    hackage: clash-prelude-1.8.1
- completed:
    hackage: clash-lib-1.8.1@sha256:2e1ee92587985da6b1e348778591ebe9f720a6b836fa54a0ffe8b9a090c79272,16148
    pantry-tree:
      sha256: 03ec2cb411fe7ac811914edffea21995ffd0d5c5b6898264fc548c766d146ecb
      size: 23320
  original:
    hackage: clash-lib-1.8.1
- completed:
    hackage: clash-ghc-1.8.1@sha256:9d5bd773f13fba9f9b895e296b61bcd23096f6d6c2436a55f2cdccfde37f5055,10022
    pantry-tree:
      sha256: 767533e7a8abc02f66edc1b9a2a85f72cb4b806be634aac2b0e77f24dbedbcce
      size: 5656
  original:
    hackage: clash-ghc-1.8.1
- completed:
    hackage: prettyprinter-interp-0.2.0.0@sha256:324eb1b24535faccb89d3b8e88cd102974c9a15cc7f606280cc681630c376815,2086
    pantry-tree:
      sha256: ebc100173eb7959218d1cd21a3d9bf6521945607221b1dba562178b044fcc685
      size: 300
  original:
    hackage: prettyprinter-interp-0.2.0.0
- completed:
    hackage: concurrent-supply-0.1.8@sha256:80b658533141660818d0781b8c8fb9a8cf69b987fcfbab782dc788bfc7df4846,1627
    pantry-tree:
      sha256: 8ede0db0bb492f20b2ef34e822ac3e957b31693cd6b7ffd502bec11abcba1955
      size: 400
  original:
    hackage: concurrent-supply-0.1.8
- completed:
    hackage: clash-shake-0.3.2@sha256:f4b1951b8cba3b9a3febf095acc5e9162a03625dc524ad42680ee686bd571fbf,1822
    pantry-tree:
      sha256: 2b941c98520a9dff98c23dd76e9259cacfecd3d1b4bcff1014fffc0d70b82098
      size: 852
  original:
    hackage: clash-shake-0.3.2
- completed:
    commit: 19b386c4aa3ff690758ae089c7754303f3500cc9
    git: https://github.com/cchalmers/circuit-notation.git
    name: circuit-notation
    pantry-tree:
      sha256: 556091e72e522628ed1c055bd0cee4c768f256ddc6f68d8ab9915c1acca98cf1
      size: 1044
    version: 0.1.0.0
  original:
    commit: 19b386c4aa3ff690758ae089c7754303f3500cc9
    git: https://github.com/cchalmers/circuit-notation.git
- completed:
    hackage: clash-prelude-hedgehog-1.8.1@sha256:9ec3aa3f8195481f5ce4942b34a49c97dd132dd1c8f1fa58aeecbd82c2602e86,1410
    pantry-tree:
      sha256: 886fd3f21d7acdcd86a5e8ff582c903edf8195a22cd38fc04ddcbf7a27f7dd20
      size: 735
  original:
    hackage: clash-prelude-hedgehog-1.8.1
- completed:
    commit: 3f5dc67c0e526e43a4dd88eb3902e39ed512c166
    git: https://github.com/clash-lang/clash-compiler.git
    name: clash-cores
    pantry-tree:
      sha256: 15fa63a9f13d2f9a68c231758c5b971cf95db21ffd020356e848dd95da491999
      size: 3596
    subdir: clash-cores
    version: 1.8.1
  original:
    commit: 3f5dc67c0e526e43a4dd88eb3902e39ed512c166
    git: https://github.com/clash-lang/clash-compiler.git
    subdir: clash-cores
snapshots:
- completed:
    sha256: 7d4b649cf368f9076d8aa049aa44efe58950971d105892734e9957b2a26a2186
    size: 640060
    url: https://raw.githubusercontent.com/commercialhaskell/stackage-snapshots/master/lts/21/21.yaml
  original: lts-21.21
